name: 'Lock Old Threads'

on:
  schedule:
    - cron: '0 3 * * *'
  workflow_dispatch:

permissions:
  issues: write
  pull-requests: write

concurrency:
  group: lock

jobs:
  action:
    runs-on: ubuntu-latest
    steps:
      - uses: dessant/lock-threads@v4
        with:
          issue-inactive-days: '30'
          pr-inactive-days: '30'
          log-output: true
          issue-comment: >
            This issue has been automatically locked since there
            has not been any recent activity after it was closed.
            Please open a new discussion or issue for related concerns.
          pr-comment: >
            This pull request has been automatically locked since there
            has not been any recent activity after it was closed.
            Please open a new discussion or issue for related concerns.
